
Microsoft Visual Studio Solution File, Format Version 12.00
# Visual Studio 15
VisualStudioVersion = 15.0.28010.2048
MinimumVisualStudioVersion = 10.0.40219.1
Project("{FAE04EC0-301F-11D3-BF4B-00C04F79EFBC}") = "CalcWS", "CalcWS\CalcWS.csproj", "{F4793211-D933-437D-A74E-C316DF0D4255}"
EndProject
Project("{FAE04EC0-301F-11D3-BF4B-00C04F79EFBC}") = "NewCalc", "NewCalc\NewCalc.csproj", "{D6CD0FD3-EAB8-4325-8FCA-CB445420D962}"
EndProject
Global
	GlobalSection(SolutionConfigurationPlatforms) = preSolution
		Debug|Any CPU = Debug|Any CPU
		Release|Any CPU = Release|Any CPU
	EndGlobalSection
	GlobalSection(ProjectConfigurationPlatforms) = postSolution
		{F4793211-D933-437D-A74E-C316DF0D4255}.Debug|Any CPU.ActiveCfg = Debug|Any CPU
		{F4793211-D933-437D-A74E-C316DF0D4255}.Debug|Any CPU.Build.0 = Debug|Any CPU
		{F4793211-D933-437D-A74E-C316DF0D4255}.Release|Any CPU.ActiveCfg = Release|Any CPU
		{F4793211-D933-437D-A74E-C316DF0D4255}.Release|Any CPU.Build.0 = Release|Any CPU
		{D6CD0FD3-EAB8-4325-8FCA-CB445420D962}.Debug|Any CPU.ActiveCfg = Debug|Any CPU
		{D6CD0FD3-EAB8-4325-8FCA-CB445420D962}.Debug|Any CPU.Build.0 = Debug|Any CPU
		{D6CD0FD3-EAB8-4325-8FCA-CB445420D962}.Release|Any CPU.ActiveCfg = Release|Any CPU
		{D6CD0FD3-EAB8-4325-8FCA-CB445420D962}.Release|Any CPU.Build.0 = Release|Any CPU
	EndGlobalSection
	GlobalSection(SolutionProperties) = preSolution
		HideSolutionNode = FALSE
	EndGlobalSection
	GlobalSection(ExtensibilityGlobals) = postSolution
		SolutionGuid = {81239A2A-A9F8-495A-8CDA-A59BBE04A8B8}
	EndGlobalSection
EndGlobal
